// !$*UTF8*$!
{
	archiveVersion = 1;
	classes = {
	};
	objectVersion = 46;
	objects = {

/* Begin PBXBuildFile section */
		B098B8BC1A7477A40022C33E /* main.m in Sources */ = {isa = PBXBuildFile; fileRef = B098B8BB1A7477A40022C33E /* main.m */; };
		B098B8BF1A7477A40022C33E /* AppDelegate.m in Sources */ = {isa = PBXBuildFile; fileRef = B098B8BE1A7477A40022C33E /* AppDelegate.m */; };
		B098B8C21A7477A40022C33E /* TripLog.xcdatamodeld in Sources */ = {isa = PBXBuildFile; fileRef = B098B8C01A7477A40022C33E /* TripLog.xcdatamodeld */; };
		B098B8C51A7477A40022C33E /* ViewController.m in Sources */ = {isa = PBXBuildFile; fileRef = B098B8C41A7477A40022C33E /* ViewController.m */; };
		B098B8C81A7477A40022C33E /* Main.storyboard in Resources */ = {isa = PBXBuildFile; fileRef = B098B8C61A7477A40022C33E /* Main.storyboard */; };
		B098B8CA1A7477A40022C33E /* Images.xcassets in Resources */ = {isa = PBXBuildFile; fileRef = B098B8C91A7477A40022C33E /* Images.xcassets */; };
		B098B8CD1A7477A40022C33E /* LaunchScreen.xib in Resources */ = {isa = PBXBuildFile; fileRef = B098B8CB1A7477A40022C33E /* LaunchScreen.xib */; };
		B098B8D91A7477A40022C33E /* TripLogTests.m in Sources */ = {isa = PBXBuildFile; fileRef = B098B8D81A7477A40022C33E /* TripLogTests.m */; };
/* End PBXBuildFile section */

/* Begin PBXContainerItemProxy section */
		B098B8D31A7477A40022C33E /* PBXContainerItemProxy */ = {
			isa = PBXContainerItemProxy;
			containerPortal = B098B8AE1A7477A40022C33E /* Project object */;
			proxyType = 1;
			remoteGlobalIDString = B098B8B51A7477A40022C33E;
			remoteInfo = TripLog;
		};
/* End PBXContainerItemProxy section */

/* Begin PBXFileReference section */
		B098B8B61A7477A40022C33E /* TripLog.app */ = {isa = PBXFileReference; explicitFileType = wrapper.application; includeInIndex = 0; path = TripLog.app; sourceTree = BUILT_PRODUCTS_DIR; };
		B098B8BA1A7477A40022C33E /* Info.plist */ = {isa = PBXFileReference; lastKnownFileType = text.plist.xml; path = Info.plist; sourceTree = "<group>"; };
		B098B8BB1A7477A40022C33E /* main.m */ = {isa = PBXFileReference; lastKnownFileType = sourcecode.c.objc; path = main.m; sourceTree = "<group>"; };
		B098B8BD1A7477A40022C33E /* AppDelegate.h */ = {isa = PBXFileReference; lastKnownFileType = sourcecode.c.h; path = AppDelegate.h; sourceTree = "<group>"; };
		B098B8BE1A7477A40022C33E /* AppDelegate.m */ = {isa = PBXFileReference; lastKnownFileType = sourcecode.c.objc; path = AppDelegate.m; sourceTree = "<group>"; };
		B098B8C11A7477A40022C33E /* TripLog.xcdatamodel */ = {isa = PBXFileReference; lastKnownFileType = wrapper.xcdatamodel; path = TripLog.xcdatamodel; sourceTree = "<group>"; };
		B098B8C31A7477A40022C33E /* ViewController.h */ = {isa = PBXFileReference; lastKnownFileType = sourcecode.c.h; path = ViewController.h; sourceTree = "<group>"; };
		B098B8C41A7477A40022C33E /* ViewController.m */ = {isa = PBXFileReference; lastKnownFileType = sourcecode.c.objc; path = ViewController.m; sourceTree = "<group>"; };
		B098B8C71A7477A40022C33E /* Base */ = {isa = PBXFileReference; lastKnownFileType = file.storyboard; name = Base; path = Base.lproj/Main.storyboard; sourceTree = "<group>"; };
		B098B8C91A7477A40022C33E /* Images.xcassets */ = {isa = PBXFileReference; lastKnownFileType = folder.assetcatalog; path = Images.xcassets; sourceTree = "<group>"; };
		B098B8CC1A7477A40022C33E /* Base */ = {isa = PBXFileReference; lastKnownFileType = file.xib; name = Base; path = Base.lproj/LaunchScreen.xib; sourceTree = "<group>"; };
		B098B8D21A7477A40022C33E /* TripLogTests.xctest */ = {isa = PBXFileReference; explicitFileType = wrapper.cfbundle; includeInIndex = 0; path = TripLogTests.xctest; sourceTree = BUILT_PRODUCTS_DIR; };
		B098B8D71A7477A40022C33E /* Info.plist */ = {isa = PBXFileReference; lastKnownFileType = text.plist.xml; path = Info.plist; sourceTree = "<group>"; };
		B098B8D81A7477A40022C33E /* TripLogTests.m */ = {isa = PBXFileReference; lastKnownFileType = sourcecode.c.objc; path = TripLogTests.m; sourceTree = "<group>"; };
/* End PBXFileReference section */

/* Begin PBXFrameworksBuildPhase section */
		B098B8B31A7477A40022C33E /* Frameworks */ = {
			isa = PBXFrameworksBuildPhase;
			buildActionMask = 2147483647;
			files = (
			);
			runOnlyForDeploymentPostprocessing = 0;
		};
		B098B8CF1A7477A40022C33E /* Frameworks */ = {
			isa = PBXFrameworksBuildPhase;
			buildActionMask = 2147483647;
			files = (
			);
			runOnlyForDeploymentPostprocessing = 0;
		};
/* End PBXFrameworksBuildPhase section */

/* Begin PBXGroup section */
		B098B8AD1A7477A40022C33E = {
			isa = PBXGroup;
			children = (
				B098B8B81A7477A40022C33E /* TripLog */,
				B098B8D51A7477A40022C33E /* TripLogTests */,
				B098B8B71A7477A40022C33E /* Products */,
			);
			sourceTree = "<group>";
		};
		B098B8B71A7477A40022C33E /* Products */ = {
			isa = PBXGroup;
			children = (
				B098B8B61A7477A40022C33E /* TripLog.app */,
				B098B8D21A7477A40022C33E /* TripLogTests.xctest */,
			);
			name = Products;
			sourceTree = "<group>";
		};
		B098B8B81A7477A40022C33E /* TripLog */ = {
			isa = PBXGroup;
			children = (
				B098B8BD1A7477A40022C33E /* AppDelegate.h */,
				B098B8BE1A7477A40022C33E /* AppDelegate.m */,
				B098B8C31A7477A40022C33E /* ViewController.h */,
				B098B8C41A7477A40022C33E /* ViewController.m */,
				B098B8C61A7477A40022C33E /* Main.storyboard */,
				B098B8C91A7477A40022C33E /* Images.xcassets */,
				B098B8CB1A7477A40022C33E /* LaunchScreen.xib */,
				B098B8C01A7477A40022C33E /* TripLog.xcdatamodeld */,
				B098B8B91A7477A40022C33E /* Supporting Files */,
			);
			path = TripLog;
			sourceTree = "<group>";
		};
		B098B8B91A7477A40022C33E /* Supporting Files */ = {
			isa = PBXGroup;
			children = (
				B098B8BA1A7477A40022C33E /* Info.plist */,
				B098B8BB1A7477A40022C33E /* main.m */,
			);
			name = "Supporting Files";
			sourceTree = "<group>";
		};
		B098B8D51A7477A40022C33E /* TripLogTests */ = {
			isa = PBXGroup;
			children = (
				B098B8D81A7477A40022C33E /* TripLogTests.m */,
				B098B8D61A7477A40022C33E /* Supporting Files */,
			);
			path = TripLogTests;
			sourceTree = "<group>";
		};
		B098B8D61A7477A40022C33E /* Supporting Files */ = {
			isa = PBXGroup;
			children = (
				B098B8D71A7477A40022C33E /* Info.plist */,
			);
			name = "Supporting Files";
			sourceTree = "<group>";
		};
/* End PBXGroup section */

/* Begin PBXNativeTarget section */
		B098B8B51A7477A40022C33E /* TripLog */ = {
			isa = PBXNativeTarget;
			buildConfigurationList = B098B8DC1A7477A40022C33E /* Build configuration list for PBXNativeTarget "TripLog" */;
			buildPhases = (
				B098B8B21A7477A40022C33E /* Sources */,
				B098B8B31A7477A40022C33E /* Frameworks */,
				B098B8B41A7477A40022C33E /* Resources */,
			);
			buildRules = (
			);
			dependencies = (
			);
			name = TripLog;
			productName = TripLog;
			productReference = B098B8B61A7477A40022C33E /* TripLog.app */;
			productType = "com.apple.product-type.application";
		};
		B098B8D11A7477A40022C33E /* TripLogTests */ = {
			isa = PBXNativeTarget;
			buildConfigurationList = B098B8DF1A7477A40022C33E /* Build configuration list for PBXNativeTarget "TripLogTests" */;
			buildPhases = (
				B098B8CE1A7477A40022C33E /* Sources */,
				B098B8CF1A7477A40022C33E /* Frameworks */,
				B098B8D01A7477A40022C33E /* Resources */,
			);
			buildRules = (
			);
			dependencies = (
				B098B8D41A7477A40022C33E /* PBXTargetDependency */,
			);
			name = TripLogTests;
			productName = TripLogTests;
			productReference = B098B8D21A7477A40022C33E /* TripLogTests.xctest */;
			productType = "com.apple.product-type.bundle.unit-test";
		};
/* End PBXNativeTarget section */

/* Begin PBXProject section */
		B098B8AE1A7477A40022C33E /* Project object */ = {
			isa = PBXProject;
			attributes = {
				LastUpgradeCheck = 0610;
				ORGANIZATIONNAME = com.lyft.ynn;
				TargetAttributes = {
					B098B8B51A7477A40022C33E = {
						CreatedOnToolsVersion = 6.1;
					};
					B098B8D11A7477A40022C33E = {
						CreatedOnToolsVersion = 6.1;
						TestTargetID = B098B8B51A7477A40022C33E;
					};
				};
			};
			buildConfigurationList = B098B8B11A7477A40022C33E /* Build configuration list for PBXProject "TripLog" */;
			compatibilityVersion = "Xcode 3.2";
			developmentRegion = English;
			hasScannedForEncodings = 0;
			knownRegions = (
				en,
				Base,
			);
			mainGroup = B098B8AD1A7477A40022C33E;
			productRefGroup = B098B8B71A7477A40022C33E /* Products */;
			projectDirPath = "";
			projectRoot = "";
			targets = (
				B098B8B51A7477A40022C33E /* TripLog */,
				B098B8D11A7477A40022C33E /* TripLogTests */,
			);
		};
/* End PBXProject section */

/* Begin PBXResourcesBuildPhase section */
		B098B8B41A7477A40022C33E /* Resources */ = {
			isa = PBXResourcesBuildPhase;
			buildActionMask = 2147483647;
			files = (
				B098B8C81A7477A40022C33E /* Main.storyboard in Resources */,
				B098B8CD1A7477A40022C33E /* LaunchScreen.xib in Resources */,
				B098B8CA1A7477A40022C33E /* Images.xcassets in Resources */,
			);
			runOnlyForDeploymentPostprocessing = 0;
		};
		B098B8D01A7477A40022C33E /* Resources */ = {
			isa = PBXResourcesBuildPhase;
			buildActionMask = 2147483647;
			files = (
			);
			runOnlyForDeploymentPostprocessing = 0;
		};
/* End PBXResourcesBuildPhase section */

/* Begin PBXSourcesBuildPhase section */
		B098B8B21A7477A40022C33E /* Sources */ = {
			isa = PBXSourcesBuildPhase;
			buildActionMask = 2147483647;
			files = (
				B098B8C21A7477A40022C33E /* TripLog.xcdatamodeld in Sources */,
				B098B8BF1A7477A40022C33E /* AppDelegate.m in Sources */,
				B098B8C51A7477A40022C33E /* ViewController.m in Sources */,
				B098B8BC1A7477A40022C33E /* main.m in Sources */,
			);
			runOnlyForDeploymentPostprocessing = 0;
		};
		B098B8CE1A7477A40022C33E /* Sources */ = {
			isa = PBXSourcesBuildPhase;
			buildActionMask = 2147483647;
			files = (
				B098B8D91A7477A40022C33E /* TripLogTests.m in Sources */,
			);
			runOnlyForDeploymentPostprocessing = 0;
		};
/* End PBXSourcesBuildPhase section */

/* Begin PBXTargetDependency section */
		B098B8D41A7477A40022C33E /* PBXTargetDependency */ = {
			isa = PBXTargetDependency;
			target = B098B8B51A7477A40022C33E /* TripLog */;
			targetProxy = B098B8D31A7477A40022C33E /* PBXContainerItemProxy */;
		};
/* End PBXTargetDependency section */

/* Begin PBXVariantGroup section */
		B098B8C61A7477A40022C33E /* Main.storyboard */ = {
			isa = PBXVariantGroup;
			children = (
				B098B8C71A7477A40022C33E /* Base */,
			);
			name = Main.storyboard;
			sourceTree = "<group>";
		};
		B098B8CB1A7477A40022C33E /* LaunchScreen.xib */ = {
			isa = PBXVariantGroup;
			children = (
				B098B8CC1A7477A40022C33E /* Base */,
			);
			name = LaunchScreen.xib;
			sourceTree = "<group>";
		};
/* End PBXVariantGroup section */

/* Begin XCBuildConfiguration section */
		B098B8DA1A7477A40022C33E /* Debug */ = {
			isa = XCBuildConfiguration;
			buildSettings = {
				ALWAYS_SEARCH_USER_PATHS = NO;
				CLANG_CXX_LANGUAGE_STANDARD = "gnu++0x";
				CLANG_CXX_LIBRARY = "libc++";
				CLANG_ENABLE_MODULES = YES;
				CLANG_ENABLE_OBJC_ARC = YES;
				CLANG_WARN_BOOL_CONVERSION = YES;
				CLANG_WARN_CONSTANT_CONVERSION = YES;
				CLANG_WARN_DIRECT_OBJC_ISA_USAGE = YES_ERROR;
				CLANG_WARN_EMPTY_BODY = YES;
				CLANG_WARN_ENUM_CONVERSION = YES;
				CLANG_WARN_INT_CONVERSION = YES;
				CLANG_WARN_OBJC_ROOT_CLASS = YES_ERROR;
				CLANG_WARN_UNREACHABLE_CODE = YES;
				CLANG_WARN__DUPLICATE_METHOD_MATCH = YES;
				"CODE_SIGN_IDENTITY[sdk=iphoneos*]" = "iPhone Developer";
				COPY_PHASE_STRIP = NO;
				ENABLE_STRICT_OBJC_MSGSEND = YES;
				GCC_C_LANGUAGE_STANDARD = gnu99;
				GCC_DYNAMIC_NO_PIC = NO;
				GCC_OPTIMIZATION_LEVEL = 0;
				GCC_PREPROCESSOR_DEFINITIONS = (
					"DEBUG=1",
					"$(inherited)",
				);
				GCC_SYMBOLS_PRIVATE_EXTERN = NO;
				GCC_WARN_64_TO_32_BIT_CONVERSION = YES;
				GCC_WARN_ABOUT_RETURN_TYPE = YES_ERROR;
				GCC_WARN_UNDECLARED_SELECTOR = YES;
				GCC_WARN_UNINITIALIZED_AUTOS = YES_AGGRESSIVE;
				GCC_WARN_UNUSED_FUNCTION = YES;
				GCC_WARN_UNUSED_VARIABLE = YES;
				IPHONEOS_DEPLOYMENT_TARGET = 8.1;
				MTL_ENABLE_DEBUG_INFO = YES;
				ONLY_ACTIVE_ARCH = YES;
				SDKROOT = iphoneos;
			};
			name = Debug;
		};
		B098B8DB1A7477A40022C33E /* Release */ = {
			isa = XCBuildConfiguration;
			buildSettings = {
				ALWAYS_SEARCH_USER_PATHS = NO;
				CLANG_CXX_LANGUAGE_STANDARD = "gnu++0x";
				CLANG_CXX_LIBRARY = "libc++";
				CLANG_ENABLE_MODULES = YES;
				CLANG_ENABLE_OBJC_ARC = YES;
				CLANG_WARN_BOOL_CONVERSION = YES;
				CLANG_WARN_CONSTANT_CONVERSION = YES;
				CLANG_WARN_DIRECT_OBJC_ISA_USAGE = YES_ERROR;
				CLANG_WARN_EMPTY_BODY = YES;
				CLANG_WARN_ENUM_CONVERSION = YES;
				CLANG_WARN_INT_CONVERSION = YES;
				CLANG_WARN_OBJC_ROOT_CLASS = YES_ERROR;
				CLANG_WARN_UNREACHABLE_CODE = YES;
				CLANG_WARN__DUPLICATE_METHOD_MATCH = YES;
				"CODE_SIGN_IDENTITY[sdk=iphoneos*]" = "iPhone Developer";
				COPY_PHASE_STRIP = YES;
				ENABLE_NS_ASSERTIONS = NO;
				ENABLE_STRICT_OBJC_MSGSEND = YES;
				GCC_C_LANGUAGE_STANDARD = gnu99;
				GCC_WARN_64_TO_32_BIT_CONVERSION = YES;
				GCC_WARN_ABOUT_RETURN_TYPE = YES_ERROR;
				GCC_WARN_UNDECLARED_SELECTOR = YES;
				GCC_WARN_UNINITIALIZED_AUTOS = YES_AGGRESSIVE;
				GCC_WARN_UNUSED_FUNCTION = YES;
				GCC_WARN_UNUSED_VARIABLE = YES;
				IPHONEOS_DEPLOYMENT_TARGET = 8.1;
				MTL_ENABLE_DEBUG_INFO = NO;
				SDKROOT = iphoneos;
				VALIDATE_PRODUCT = YES;
			};
			name = Release;
		};
		B098B8DD1A7477A40022C33E /* Debug */ = {
			isa = XCBuildConfiguration;
			buildSettings = {
				ASSETCATALOG_COMPILER_APPICON_NAME = AppIcon;
				INFOPLIST_FILE = TripLog/Info.plist;
				LD_RUNPATH_SEARCH_PATHS = "$(inherited) @executable_path/Frameworks";
				PRODUCT_NAME = "$(TARGET_NAME)";
			};
			name = Debug;
		};
		B098B8DE1A7477A40022C33E /* Release */ = {
			isa = XCBuildConfiguration;
			buildSettings = {
				ASSETCATALOG_COMPILER_APPICON_NAME = AppIcon;
				INFOPLIST_FILE = TripLog/Info.plist;
				LD_RUNPATH_SEARCH_PATHS = "$(inherited) @executable_path/Frameworks";
				PRODUCT_NAME = "$(TARGET_NAME)";
			};
			name = Release;
		};
		B098B8E01A7477A40022C33E /* Debug */ = {
			isa = XCBuildConfiguration;
			buildSettings = {
				BUNDLE_LOADER = "$(TEST_HOST)";
				FRAMEWORK_SEARCH_PATHS = (
					"$(SDKROOT)/Developer/Library/Frameworks",
					"$(inherited)",
				);
				GCC_PREPROCESSOR_DEFINITIONS = (
					"DEBUG=1",
					"$(inherited)",
				);
				INFOPLIST_FILE = TripLogTests/Info.plist;
				LD_RUNPATH_SEARCH_PATHS = "$(inherited) @executable_path/Frameworks @loader_path/Frameworks";
				PRODUCT_NAME = "$(TARGET_NAME)";
				TEST_HOST = "$(BUILT_PRODUCTS_DIR)/TripLog.app/TripLog";
			};
			name = Debug;
		};
		B098B8E11A7477A40022C33E /* Release */ = {
			isa = XCBuildConfiguration;
			buildSettings = {
				BUNDLE_LOADER = "$(TEST_HOST)";
				FRAMEWORK_SEARCH_PATHS = (
					"$(SDKROOT)/Developer/Library/Frameworks",
					"$(inherited)",
				);
				INFOPLIST_FILE = TripLogTests/Info.plist;
				LD_RUNPATH_SEARCH_PATHS = "$(inherited) @executable_path/Frameworks @loader_path/Frameworks";
				PRODUCT_NAME = "$(TARGET_NAME)";
				TEST_HOST = "$(BUILT_PRODUCTS_DIR)/TripLog.app/TripLog";
			};
			name = Release;
		};
/* End XCBuildConfiguration section */

/* Begin XCConfigurationList section */
		B098B8B11A7477A40022C33E /* Build configuration list for PBXProject "TripLog" */ = {
			isa = XCConfigurationList;
			buildConfigurations = (
				B098B8DA1A7477A40022C33E /* Debug */,
				B098B8DB1A7477A40022C33E /* Release */,
			);
			defaultConfigurationIsVisible = 0;
			defaultConfigurationName = Release;
		};
		B098B8DC1A7477A40022C33E /* Build configuration list for PBXNativeTarget "TripLog" */ = {
			isa = XCConfigurationList;
			buildConfigurations = (
				B098B8DD1A7477A40022C33E /* Debug */,
				B098B8DE1A7477A40022C33E /* Release */,
			);
			defaultConfigurationIsVisible = 0;
		};
		B098B8DF1A7477A40022C33E /* Build configuration list for PBXNativeTarget "TripLogTests" */ = {
			isa = XCConfigurationList;
			buildConfigurations = (
				B098B8E01A7477A40022C33E /* Debug */,
				B098B8E11A7477A40022C33E /* Release */,
			);
			defaultConfigurationIsVisible = 0;
		};
/* End XCConfigurationList section */

/* Begin XCVersionGroup section */
		B098B8C01A7477A40022C33E /* TripLog.xcdatamodeld */ = {
			isa = XCVersionGroup;
			children = (
				B098B8C11A7477A40022C33E /* TripLog.xcdatamodel */,
			);
			currentVersion = B098B8C11A7477A40022C33E /* TripLog.xcdatamodel */;
			path = TripLog.xcdatamodeld;
			sourceTree = "<group>";
			versionGroupType = wrapper.xcdatamodel;
		};
/* End XCVersionGroup section */
	};
	rootObject = B098B8AE1A7477A40022C33E /* Project object */;
}
